
Microsoft Visual Studio Solution File, Format Version 12.00
# Visual Studio 15
VisualStudioVersion = 15.0.27130.2003
MinimumVisualStudioVersion = 10.0.40219.1
Project("{9A19103F-16F7-4668-BE54-9A1E7A4F7556}") = "MedicalDiamondSearch.Core", "MedicalDiamondSearch.Core\MedicalDiamondSearch.Core.csproj", "{8D84912B-AC66-4CD3-82A3-1C888CB37D14}"
EndProject
Project("{FAE04EC0-301F-11D3-BF4B-00C04F79EFBC}") = "MedicalDiamondSearch.Console", "MedicalDiamondSearch.Console\MedicalDiamondSearch.Console.csproj", "{80C0698F-7F3F-4F90-BC9C-B75970F35775}"
EndProject
Global
	GlobalSection(SolutionConfigurationPlatforms) = preSolution
		Debug|Any CPU = Debug|Any CPU
		Release|Any CPU = Release|Any CPU
	EndGlobalSection
	GlobalSection(ProjectConfigurationPlatforms) = postSolution
		{8D84912B-AC66-4CD3-82A3-1C888CB37D14}.Debug|Any CPU.ActiveCfg = Debug|Any CPU
		{8D84912B-AC66-4CD3-82A3-1C888CB37D14}.Debug|Any CPU.Build.0 = Debug|Any CPU
		{8D84912B-AC66-4CD3-82A3-1C888CB37D14}.Release|Any CPU.ActiveCfg = Release|Any CPU
		{8D84912B-AC66-4CD3-82A3-1C888CB37D14}.Release|Any CPU.Build.0 = Release|Any CPU
		{80C0698F-7F3F-4F90-BC9C-B75970F35775}.Debug|Any CPU.ActiveCfg = Debug|Any CPU
		{80C0698F-7F3F-4F90-BC9C-B75970F35775}.Debug|Any CPU.Build.0 = Debug|Any CPU
		{80C0698F-7F3F-4F90-BC9C-B75970F35775}.Release|Any CPU.ActiveCfg = Release|Any CPU
		{80C0698F-7F3F-4F90-BC9C-B75970F35775}.Release|Any CPU.Build.0 = Release|Any CPU
	EndGlobalSection
	GlobalSection(SolutionProperties) = preSolution
		HideSolutionNode = FALSE
	EndGlobalSection
	GlobalSection(ExtensibilityGlobals) = postSolution
		SolutionGuid = {66A591F4-0AD1-4A00-A410-A77CE476AF4E}
	EndGlobalSection
EndGlobal
